<?xml version="1.0" encoding="utf-8"?>
<Project ToolsVersion="4.0" xmlns="http://schemas.microsoft.com/developer/msbuild/2003">
  <ItemGroup>
    <Filter Include="Header Files">
      <UniqueIdentifier>{93995380-89BD-4b04-88EB-625FBE52EBFB}</UniqueIdentifier>
      <Extensions>h;hh;hpp;hxx;hm;inl;inc;xsd</Extensions>
    </Filter>
    <Filter Include="NLSKinsol">
      <UniqueIdentifier>{d96950c5-9da7-43dd-92c6-b6dba35b341e}</UniqueIdentifier>
    </Filter>
    <Filter Include="Header Files\Resource Files">
      <UniqueIdentifier>{67DA6AB6-F800-4c08-8B7A-83BB121AAD01}</UniqueIdentifier>
      <Extensions>rc;ico;cur;bmp;dlg;rc2;rct;bin;rgs;gif;jpg;jpeg;jpe;resx;tiff;tif;png;wav;mfcribbon-ms</Extensions>
    </Filter>
    <Filter Include="DAESIda">
      <UniqueIdentifier>{b35f669b-d455-40a9-ab20-d5f86033371d}</UniqueIdentifier>
    </Filter>
    <Filter Include="AST">
      <UniqueIdentifier>{c59e25a1-55d9-4d4c-a9a6-8c6beb9b8ed9}</UniqueIdentifier>
    </Filter>
    <Filter Include="Equation">
      <UniqueIdentifier>{bf3cec01-1ea1-4bc7-8a25-9400afd4fbc3}</UniqueIdentifier>
    </Filter>
    <Filter Include="Error">
      <UniqueIdentifier>{199812f2-a00e-4c34-8a2b-c02db8d353bf}</UniqueIdentifier>
    </Filter>
    <Filter Include="FEMFw">
      <UniqueIdentifier>{27592960-37cf-467c-a7fc-d704a0855182}</UniqueIdentifier>
    </Filter>
    <Filter Include="Interpreter">
      <UniqueIdentifier>{c86e32af-3918-45e9-90d1-4af65607311e}</UniqueIdentifier>
    </Filter>
    <Filter Include="Lexer">
      <UniqueIdentifier>{92792636-b851-44a8-9783-d43c5e384b05}</UniqueIdentifier>
    </Filter>
    <Filter Include="LOCISManager">
      <UniqueIdentifier>{72c8caf5-9435-4aa0-b57e-541610ba198c}</UniqueIdentifier>
    </Filter>
    <Filter Include="Parser">
      <UniqueIdentifier>{e73c8fd5-17fe-48b6-a17b-7db020adfb22}</UniqueIdentifier>
    </Filter>
    <Filter Include="PythonFunctionServer">
      <UniqueIdentifier>{ed44b39b-7b12-44e1-8cd2-534dfb2d6723}</UniqueIdentifier>
    </Filter>
    <Filter Include="Symbol">
      <UniqueIdentifier>{91936301-e81d-4a7d-a514-07a9a76a0899}</UniqueIdentifier>
    </Filter>
    <Filter Include="FEMFw\FEM1D">
      <UniqueIdentifier>{3508dd9a-40bf-4e44-9650-70fa1472f30b}</UniqueIdentifier>
    </Filter>
    <Filter Include="LOCISAPI">
      <UniqueIdentifier>{d05adffa-0502-4870-bb6d-a086ae652193}</UniqueIdentifier>
    </Filter>
  </ItemGroup>
  <ItemGroup>
    <Text Include="ReadMe.txt" />
    <Text Include="..\grammar.txt" />
  </ItemGroup>
  <ItemGroup>
    <ClInclude Include="targetver.h">
      <Filter>Header Files</Filter>
    </ClInclude>
    <ClInclude Include="error.h">
      <Filter>Error</Filter>
    </ClInclude>
    <ClInclude Include="lexer.h">
      <Filter>Lexer</Filter>
    </ClInclude>
    <ClInclude Include="parser.h">
      <Filter>Parser</Filter>
    </ClInclude>
    <ClInclude Include="Symbol.h">
      <Filter>Symbol</Filter>
    </ClInclude>
    <ClInclude Include="AST.h">
      <Filter>AST</Filter>
    </ClInclude>
    <ClInclude Include="PyFunctionServer.h">
      <Filter>PythonFunctionServer</Filter>
    </ClInclude>
    <ClInclude Include="interpreter.h">
      <Filter>Interpreter</Filter>
    </ClInclude>
    <ClInclude Include="equation.h">
      <Filter>Equation</Filter>
    </ClInclude>
    <ClInclude Include="NLSKinsol.h">
      <Filter>NLSKinsol</Filter>
    </ClInclude>
    <ClInclude Include="stdafx.h">
      <Filter>Header Files</Filter>
    </ClInclude>
    <ClInclude Include="DAESIda.h">
      <Filter>DAESIda</Filter>
    </ClInclude>
    <ClInclude Include="SymbolFEMoneD.h">
      <Filter>FEMFw</Filter>
    </ClInclude>
    <ClInclude Include="ASTFEMoneD.h">
      <Filter>FEMFw</Filter>
    </ClInclude>
    <ClInclude Include="NLSKinsolHelper.h">
      <Filter>NLSKinsol</Filter>
    </ClInclude>
    <ClInclude Include="DAESIdaHelper.h">
      <Filter>DAESIda</Filter>
    </ClInclude>
    <ClInclude Include="FEM1Dbasis.h">
      <Filter>FEMFw\FEM1D</Filter>
    </ClInclude>
    <ClInclude Include="FEM1D.h">
      <Filter>FEMFw\FEM1D</Filter>
    </ClInclude>
    <ClInclude Include="FEM1Dintegrate.h">
      <Filter>FEMFw\FEM1D</Filter>
    </ClInclude>
    <ClInclude Include="FEM1DgenericElement.h">
      <Filter>FEMFw\FEM1D</Filter>
    </ClInclude>
    <ClInclude Include="LOCIS_API.h">
      <Filter>LOCISAPI</Filter>
    </ClInclude>
    <ClInclude Include="LOCIS_API_INCLUDE.h">
      <Filter>LOCISAPI</Filter>
    </ClInclude>
  </ItemGroup>
  <ItemGroup>
    <ClCompile Include="lexerIsFunctions.cpp">
      <Filter>Lexer</Filter>
    </ClCompile>
    <ClCompile Include="lexer.cpp">
      <Filter>Lexer</Filter>
    </ClCompile>
    <ClCompile Include="error.cpp">
      <Filter>Error</Filter>
    </ClCompile>
    <ClCompile Include="parser.cpp">
      <Filter>Parser</Filter>
    </ClCompile>
    <ClCompile Include="parserSyntaxErrors.cpp">
      <Filter>Parser</Filter>
    </ClCompile>
    <ClCompile Include="parserRules.cpp">
      <Filter>Parser</Filter>
    </ClCompile>
    <ClCompile Include="Symbol.cpp">
      <Filter>Symbol</Filter>
    </ClCompile>
    <ClCompile Include="AST.cpp">
      <Filter>AST</Filter>
    </ClCompile>
    <ClCompile Include="parserPrintAllErrors.cpp">
      <Filter>Parser</Filter>
    </ClCompile>
    <ClCompile Include="PyFunctionServer.cpp">
      <Filter>PythonFunctionServer</Filter>
    </ClCompile>
    <ClCompile Include="interpreter.cpp">
      <Filter>Interpreter</Filter>
    </ClCompile>
    <ClCompile Include="equation.cpp">
      <Filter>Equation</Filter>
    </ClCompile>
    <ClCompile Include="interpreterUtils.cpp">
      <Filter>Interpreter</Filter>
    </ClCompile>
    <ClCompile Include="equationUtils.cpp">
      <Filter>Equation</Filter>
    </ClCompile>
    <ClCompile Include="interpreterFunctions.cpp">
      <Filter>Interpreter</Filter>
    </ClCompile>
    <ClCompile Include="equationFunctions.cpp">
      <Filter>Equation</Filter>
    </ClCompile>
    <ClCompile Include="PySetFunctionModuleEnvironment.cpp">
      <Filter>PythonFunctionServer</Filter>
    </ClCompile>
    <ClCompile Include="LOCISCoreManager.h">
      <Filter>LOCISManager</Filter>
    </ClCompile>
    <ClCompile Include="PyFunctionServerHelpers.cpp">
      <Filter>PythonFunctionServer</Filter>
    </ClCompile>
    <ClCompile Include="NLSKinsol.cpp">
      <Filter>NLSKinsol</Filter>
    </ClCompile>
    <ClCompile Include="DAESIda.cpp">
      <Filter>DAESIda</Filter>
    </ClCompile>
    <ClCompile Include="LOCISCoreManagerv.cpp">
      <Filter>LOCISManager</Filter>
    </ClCompile>
    <ClCompile Include="SymbolFEMoneD.cpp">
      <Filter>FEMFw</Filter>
    </ClCompile>
    <ClCompile Include="interpreterFEMoneD.cpp">
      <Filter>FEMFw</Filter>
    </ClCompile>
    <ClCompile Include="ASTFEMoneD.cpp">
      <Filter>FEMFw</Filter>
    </ClCompile>
    <ClCompile Include="parserFEMoneDRules.cpp">
      <Filter>FEMFw</Filter>
    </ClCompile>
    <ClCompile Include="stdafx.cpp" />
    <ClCompile Include="interpreterFEMoneDutils.cpp">
      <Filter>FEMFw</Filter>
    </ClCompile>
    <ClCompile Include="NLSKinsolHelper.cpp">
      <Filter>NLSKinsol</Filter>
    </ClCompile>
    <ClCompile Include="DAESIdaHelper.cpp">
      <Filter>DAESIda</Filter>
    </ClCompile>
    <ClCompile Include="equationFEMoneDutils.cpp">
      <Filter>FEMFw</Filter>
    </ClCompile>
    <ClCompile Include="FEM1Dbasis.cpp">
      <Filter>FEMFw\FEM1D</Filter>
    </ClCompile>
    <ClCompile Include="FEM1D.cpp">
      <Filter>FEMFw\FEM1D</Filter>
    </ClCompile>
    <ClCompile Include="FEM1Dintegrate.cpp">
      <Filter>FEMFw\FEM1D</Filter>
    </ClCompile>
    <ClCompile Include="FEM1DgenericElement.cpp">
      <Filter>FEMFw\FEM1D</Filter>
    </ClCompile>
    <ClCompile Include="FEM1DunUsedFunctions.cpp">
      <Filter>FEMFw\FEM1D</Filter>
    </ClCompile>
    <ClCompile Include="interpreterErrors.cpp">
      <Filter>Interpreter</Filter>
    </ClCompile>
    <ClCompile Include="LOCIS_API.cpp">
      <Filter>LOCISAPI</Filter>
    </ClCompile>
    <ClCompile Include="LOCISCoreManagerMessages.cpp">
      <Filter>LOCISManager</Filter>
    </ClCompile>
    <ClCompile Include="FEM1DequationFunctions.cpp">
      <Filter>FEMFw\FEM1D</Filter>
    </ClCompile>
    <ClCompile Include="FEM1DErrors.cpp">
      <Filter>FEMFw\FEM1D</Filter>
    </ClCompile>
  </ItemGroup>
</Project>