
Microsoft Visual Studio Solution File, Format Version 12.00
# Visual Studio 14
VisualStudioVersion = 14.0.25420.1
MinimumVisualStudioVersion = 10.0.40219.1
Project("{8BC9CEB8-8B4A-11D0-8D11-00A0C91BC942}") = "IDA_object", "IDA_object\IDA_object.vcxproj", "{750DDF20-3430-4BB2-8EF7-A91876A1A39D}"
	ProjectSection(ProjectDependencies) = postProject
		{39776B3A-63D8-396C-8F75-7A7185E4EC83} = {39776B3A-63D8-396C-8F75-7A7185E4EC83}
		{C3A8F945-B76A-3579-9F0F-419FA0612F98} = {C3A8F945-B76A-3579-9F0F-419FA0612F98}
	EndProjectSection
EndProject
Project("{8BC9CEB8-8B4A-11D0-8D11-00A0C91BC942}") = "IDA_app", "IDA_app\IDA_app.vcxproj", "{1B4E7ACC-9C66-44A0-BB68-A6E891BC5879}"
	ProjectSection(ProjectDependencies) = postProject
		{750DDF20-3430-4BB2-8EF7-A91876A1A39D} = {750DDF20-3430-4BB2-8EF7-A91876A1A39D}
		{0E74EF39-A724-4A4C-856C-088A158613B0} = {0E74EF39-A724-4A4C-856C-088A158613B0}
	EndProjectSection
EndProject
Project("{8BC9CEB8-8B4A-11D0-8D11-00A0C91BC942}") = "sundials_ida_static", "IDA_src\builddir\src\ida\sundials_ida_static.vcxproj", "{C3A8F945-B76A-3579-9F0F-419FA0612F98}"
EndProject
Project("{8BC9CEB8-8B4A-11D0-8D11-00A0C91BC942}") = "sundials_nvecserial_static", "IDA_src\builddir\src\nvec_ser\sundials_nvecserial_static.vcxproj", "{39776B3A-63D8-396C-8F75-7A7185E4EC83}"
EndProject
Project("{2150E333-8FDC-42A3-9474-1A3956D46DE8}") = "IDA", "IDA", "{12F68957-BBF1-4FF4-99D1-27EC3CAA776C}"
EndProject
Project("{8BC9CEB8-8B4A-11D0-8D11-00A0C91BC942}") = "IDA_helpers", "IDA_helpers\IDA_helpers.vcxproj", "{0E74EF39-A724-4A4C-856C-088A158613B0}"
EndProject
Project("{8BC9CEB8-8B4A-11D0-8D11-00A0C91BC942}") = "ZERO_CHECK", "IDA_src\builddir\ZERO_CHECK.vcxproj", "{39F8AC15-8070-363B-937A-D82704C96E84}"
EndProject
Project("{8BC9CEB8-8B4A-11D0-8D11-00A0C91BC942}") = "IDA_test", "IDA_test\IDA_test.vcxproj", "{F4A78B17-E7B5-4D11-AEB9-730FBE037321}"
	ProjectSection(ProjectDependencies) = postProject
		{750DDF20-3430-4BB2-8EF7-A91876A1A39D} = {750DDF20-3430-4BB2-8EF7-A91876A1A39D}
		{0E74EF39-A724-4A4C-856C-088A158613B0} = {0E74EF39-A724-4A4C-856C-088A158613B0}
	EndProjectSection
EndProject
Global
	GlobalSection(SolutionConfigurationPlatforms) = preSolution
		Debug|x64 = Debug|x64
		Debug|x86 = Debug|x86
		MinSizeRel|x64 = MinSizeRel|x64
		MinSizeRel|x86 = MinSizeRel|x86
		Release|x64 = Release|x64
		Release|x86 = Release|x86
		RelWithDebInfo|x64 = RelWithDebInfo|x64
		RelWithDebInfo|x86 = RelWithDebInfo|x86
	EndGlobalSection
	GlobalSection(ProjectConfigurationPlatforms) = postSolution
		{750DDF20-3430-4BB2-8EF7-A91876A1A39D}.Debug|x64.ActiveCfg = Debug|x64
		{750DDF20-3430-4BB2-8EF7-A91876A1A39D}.Debug|x64.Build.0 = Debug|x64
		{750DDF20-3430-4BB2-8EF7-A91876A1A39D}.Debug|x86.ActiveCfg = Debug|Win32
		{750DDF20-3430-4BB2-8EF7-A91876A1A39D}.Debug|x86.Build.0 = Debug|Win32
		{750DDF20-3430-4BB2-8EF7-A91876A1A39D}.MinSizeRel|x64.ActiveCfg = Release|x64
		{750DDF20-3430-4BB2-8EF7-A91876A1A39D}.MinSizeRel|x64.Build.0 = Release|x64
		{750DDF20-3430-4BB2-8EF7-A91876A1A39D}.MinSizeRel|x86.ActiveCfg = Release|Win32
		{750DDF20-3430-4BB2-8EF7-A91876A1A39D}.MinSizeRel|x86.Build.0 = Release|Win32
		{750DDF20-3430-4BB2-8EF7-A91876A1A39D}.Release|x64.ActiveCfg = Release|x64
		{750DDF20-3430-4BB2-8EF7-A91876A1A39D}.Release|x64.Build.0 = Release|x64
		{750DDF20-3430-4BB2-8EF7-A91876A1A39D}.Release|x86.ActiveCfg = Release|Win32
		{750DDF20-3430-4BB2-8EF7-A91876A1A39D}.Release|x86.Build.0 = Release|Win32
		{750DDF20-3430-4BB2-8EF7-A91876A1A39D}.RelWithDebInfo|x64.ActiveCfg = Release|x64
		{750DDF20-3430-4BB2-8EF7-A91876A1A39D}.RelWithDebInfo|x64.Build.0 = Release|x64
		{750DDF20-3430-4BB2-8EF7-A91876A1A39D}.RelWithDebInfo|x86.ActiveCfg = Release|Win32
		{750DDF20-3430-4BB2-8EF7-A91876A1A39D}.RelWithDebInfo|x86.Build.0 = Release|Win32
		{1B4E7ACC-9C66-44A0-BB68-A6E891BC5879}.Debug|x64.ActiveCfg = Debug|x64
		{1B4E7ACC-9C66-44A0-BB68-A6E891BC5879}.Debug|x64.Build.0 = Debug|x64
		{1B4E7ACC-9C66-44A0-BB68-A6E891BC5879}.Debug|x86.ActiveCfg = Debug|Win32
		{1B4E7ACC-9C66-44A0-BB68-A6E891BC5879}.Debug|x86.Build.0 = Debug|Win32
		{1B4E7ACC-9C66-44A0-BB68-A6E891BC5879}.MinSizeRel|x64.ActiveCfg = Release|x64
		{1B4E7ACC-9C66-44A0-BB68-A6E891BC5879}.MinSizeRel|x64.Build.0 = Release|x64
		{1B4E7ACC-9C66-44A0-BB68-A6E891BC5879}.MinSizeRel|x86.ActiveCfg = Release|Win32
		{1B4E7ACC-9C66-44A0-BB68-A6E891BC5879}.MinSizeRel|x86.Build.0 = Release|Win32
		{1B4E7ACC-9C66-44A0-BB68-A6E891BC5879}.Release|x64.ActiveCfg = Release|x64
		{1B4E7ACC-9C66-44A0-BB68-A6E891BC5879}.Release|x64.Build.0 = Release|x64
		{1B4E7ACC-9C66-44A0-BB68-A6E891BC5879}.Release|x86.ActiveCfg = Release|Win32
		{1B4E7ACC-9C66-44A0-BB68-A6E891BC5879}.Release|x86.Build.0 = Release|Win32
		{1B4E7ACC-9C66-44A0-BB68-A6E891BC5879}.RelWithDebInfo|x64.ActiveCfg = Release|x64
		{1B4E7ACC-9C66-44A0-BB68-A6E891BC5879}.RelWithDebInfo|x64.Build.0 = Release|x64
		{1B4E7ACC-9C66-44A0-BB68-A6E891BC5879}.RelWithDebInfo|x86.ActiveCfg = Release|Win32
		{1B4E7ACC-9C66-44A0-BB68-A6E891BC5879}.RelWithDebInfo|x86.Build.0 = Release|Win32
		{C3A8F945-B76A-3579-9F0F-419FA0612F98}.Debug|x64.ActiveCfg = Debug|Win32
		{C3A8F945-B76A-3579-9F0F-419FA0612F98}.Debug|x86.ActiveCfg = Debug|Win32
		{C3A8F945-B76A-3579-9F0F-419FA0612F98}.Debug|x86.Build.0 = Debug|Win32
		{C3A8F945-B76A-3579-9F0F-419FA0612F98}.MinSizeRel|x64.ActiveCfg = MinSizeRel|Win32
		{C3A8F945-B76A-3579-9F0F-419FA0612F98}.MinSizeRel|x86.ActiveCfg = MinSizeRel|Win32
		{C3A8F945-B76A-3579-9F0F-419FA0612F98}.MinSizeRel|x86.Build.0 = MinSizeRel|Win32
		{C3A8F945-B76A-3579-9F0F-419FA0612F98}.Release|x64.ActiveCfg = Release|Win32
		{C3A8F945-B76A-3579-9F0F-419FA0612F98}.Release|x86.ActiveCfg = Release|Win32
		{C3A8F945-B76A-3579-9F0F-419FA0612F98}.Release|x86.Build.0 = Release|Win32
		{C3A8F945-B76A-3579-9F0F-419FA0612F98}.RelWithDebInfo|x64.ActiveCfg = RelWithDebInfo|Win32
		{C3A8F945-B76A-3579-9F0F-419FA0612F98}.RelWithDebInfo|x86.ActiveCfg = RelWithDebInfo|Win32
		{C3A8F945-B76A-3579-9F0F-419FA0612F98}.RelWithDebInfo|x86.Build.0 = RelWithDebInfo|Win32
		{39776B3A-63D8-396C-8F75-7A7185E4EC83}.Debug|x64.ActiveCfg = Debug|Win32
		{39776B3A-63D8-396C-8F75-7A7185E4EC83}.Debug|x86.ActiveCfg = Debug|Win32
		{39776B3A-63D8-396C-8F75-7A7185E4EC83}.Debug|x86.Build.0 = Debug|Win32
		{39776B3A-63D8-396C-8F75-7A7185E4EC83}.MinSizeRel|x64.ActiveCfg = MinSizeRel|Win32
		{39776B3A-63D8-396C-8F75-7A7185E4EC83}.MinSizeRel|x86.ActiveCfg = MinSizeRel|Win32
		{39776B3A-63D8-396C-8F75-7A7185E4EC83}.MinSizeRel|x86.Build.0 = MinSizeRel|Win32
		{39776B3A-63D8-396C-8F75-7A7185E4EC83}.Release|x64.ActiveCfg = Release|Win32
		{39776B3A-63D8-396C-8F75-7A7185E4EC83}.Release|x86.ActiveCfg = Release|Win32
		{39776B3A-63D8-396C-8F75-7A7185E4EC83}.Release|x86.Build.0 = Release|Win32
		{39776B3A-63D8-396C-8F75-7A7185E4EC83}.RelWithDebInfo|x64.ActiveCfg = RelWithDebInfo|Win32
		{39776B3A-63D8-396C-8F75-7A7185E4EC83}.RelWithDebInfo|x86.ActiveCfg = RelWithDebInfo|Win32
		{39776B3A-63D8-396C-8F75-7A7185E4EC83}.RelWithDebInfo|x86.Build.0 = RelWithDebInfo|Win32
		{0E74EF39-A724-4A4C-856C-088A158613B0}.Debug|x64.ActiveCfg = Debug|x64
		{0E74EF39-A724-4A4C-856C-088A158613B0}.Debug|x64.Build.0 = Debug|x64
		{0E74EF39-A724-4A4C-856C-088A158613B0}.Debug|x86.ActiveCfg = Debug|Win32
		{0E74EF39-A724-4A4C-856C-088A158613B0}.Debug|x86.Build.0 = Debug|Win32
		{0E74EF39-A724-4A4C-856C-088A158613B0}.MinSizeRel|x64.ActiveCfg = Release|x64
		{0E74EF39-A724-4A4C-856C-088A158613B0}.MinSizeRel|x64.Build.0 = Release|x64
		{0E74EF39-A724-4A4C-856C-088A158613B0}.MinSizeRel|x86.ActiveCfg = Release|Win32
		{0E74EF39-A724-4A4C-856C-088A158613B0}.MinSizeRel|x86.Build.0 = Release|Win32
		{0E74EF39-A724-4A4C-856C-088A158613B0}.Release|x64.ActiveCfg = Release|x64
		{0E74EF39-A724-4A4C-856C-088A158613B0}.Release|x64.Build.0 = Release|x64
		{0E74EF39-A724-4A4C-856C-088A158613B0}.Release|x86.ActiveCfg = Release|Win32
		{0E74EF39-A724-4A4C-856C-088A158613B0}.Release|x86.Build.0 = Release|Win32
		{0E74EF39-A724-4A4C-856C-088A158613B0}.RelWithDebInfo|x64.ActiveCfg = Release|x64
		{0E74EF39-A724-4A4C-856C-088A158613B0}.RelWithDebInfo|x64.Build.0 = Release|x64
		{0E74EF39-A724-4A4C-856C-088A158613B0}.RelWithDebInfo|x86.ActiveCfg = Release|Win32
		{0E74EF39-A724-4A4C-856C-088A158613B0}.RelWithDebInfo|x86.Build.0 = Release|Win32
		{39F8AC15-8070-363B-937A-D82704C96E84}.Debug|x64.ActiveCfg = Debug|Win32
		{39F8AC15-8070-363B-937A-D82704C96E84}.Debug|x86.ActiveCfg = Debug|Win32
		{39F8AC15-8070-363B-937A-D82704C96E84}.Debug|x86.Build.0 = Debug|Win32
		{39F8AC15-8070-363B-937A-D82704C96E84}.MinSizeRel|x64.ActiveCfg = MinSizeRel|Win32
		{39F8AC15-8070-363B-937A-D82704C96E84}.MinSizeRel|x86.ActiveCfg = MinSizeRel|Win32
		{39F8AC15-8070-363B-937A-D82704C96E84}.MinSizeRel|x86.Build.0 = MinSizeRel|Win32
		{39F8AC15-8070-363B-937A-D82704C96E84}.Release|x64.ActiveCfg = Release|Win32
		{39F8AC15-8070-363B-937A-D82704C96E84}.Release|x86.ActiveCfg = Release|Win32
		{39F8AC15-8070-363B-937A-D82704C96E84}.Release|x86.Build.0 = Release|Win32
		{39F8AC15-8070-363B-937A-D82704C96E84}.RelWithDebInfo|x64.ActiveCfg = RelWithDebInfo|Win32
		{39F8AC15-8070-363B-937A-D82704C96E84}.RelWithDebInfo|x86.ActiveCfg = RelWithDebInfo|Win32
		{39F8AC15-8070-363B-937A-D82704C96E84}.RelWithDebInfo|x86.Build.0 = RelWithDebInfo|Win32
		{F4A78B17-E7B5-4D11-AEB9-730FBE037321}.Debug|x64.ActiveCfg = Debug|x64
		{F4A78B17-E7B5-4D11-AEB9-730FBE037321}.Debug|x64.Build.0 = Debug|x64
		{F4A78B17-E7B5-4D11-AEB9-730FBE037321}.Debug|x86.ActiveCfg = Debug|Win32
		{F4A78B17-E7B5-4D11-AEB9-730FBE037321}.Debug|x86.Build.0 = Debug|Win32
		{F4A78B17-E7B5-4D11-AEB9-730FBE037321}.MinSizeRel|x64.ActiveCfg = Release|x64
		{F4A78B17-E7B5-4D11-AEB9-730FBE037321}.MinSizeRel|x64.Build.0 = Release|x64
		{F4A78B17-E7B5-4D11-AEB9-730FBE037321}.MinSizeRel|x86.ActiveCfg = Release|Win32
		{F4A78B17-E7B5-4D11-AEB9-730FBE037321}.MinSizeRel|x86.Build.0 = Release|Win32
		{F4A78B17-E7B5-4D11-AEB9-730FBE037321}.Release|x64.ActiveCfg = Release|x64
		{F4A78B17-E7B5-4D11-AEB9-730FBE037321}.Release|x64.Build.0 = Release|x64
		{F4A78B17-E7B5-4D11-AEB9-730FBE037321}.Release|x86.ActiveCfg = Release|Win32
		{F4A78B17-E7B5-4D11-AEB9-730FBE037321}.Release|x86.Build.0 = Release|Win32
		{F4A78B17-E7B5-4D11-AEB9-730FBE037321}.RelWithDebInfo|x64.ActiveCfg = Release|x64
		{F4A78B17-E7B5-4D11-AEB9-730FBE037321}.RelWithDebInfo|x64.Build.0 = Release|x64
		{F4A78B17-E7B5-4D11-AEB9-730FBE037321}.RelWithDebInfo|x86.ActiveCfg = Release|Win32
		{F4A78B17-E7B5-4D11-AEB9-730FBE037321}.RelWithDebInfo|x86.Build.0 = Release|Win32
	EndGlobalSection
	GlobalSection(SolutionProperties) = preSolution
		HideSolutionNode = FALSE
	EndGlobalSection
	GlobalSection(NestedProjects) = preSolution
		{C3A8F945-B76A-3579-9F0F-419FA0612F98} = {12F68957-BBF1-4FF4-99D1-27EC3CAA776C}
		{39776B3A-63D8-396C-8F75-7A7185E4EC83} = {12F68957-BBF1-4FF4-99D1-27EC3CAA776C}
		{39F8AC15-8070-363B-937A-D82704C96E84} = {12F68957-BBF1-4FF4-99D1-27EC3CAA776C}
	EndGlobalSection
EndGlobal
