
Microsoft Visual Studio Solution File, Format Version 12.00
# Visual Studio 14
VisualStudioVersion = 14.0.25420.1
MinimumVisualStudioVersion = 10.0.40219.1
Project("{8BC9CEB8-8B4A-11D0-8D11-00A0C91BC942}") = "LOCISCore", "LOCISFrameWork\LOCISCore.vcxproj", "{23A1A5E8-D74A-4E3E-B950-C072A7F25FAD}"
EndProject
Project("{2150E333-8FDC-42A3-9474-1A3956D46DE8}") = "SundialsKinsol", "SundialsKinsol", "{B3F3ADC0-D9A6-4C24-89FC-5CBA7D114DCA}"
EndProject
Project("{2150E333-8FDC-42A3-9474-1A3956D46DE8}") = "SundialsIDA", "SundialsIDA", "{E054EC68-E99D-486C-9297-D43A9D536763}"
EndProject
Project("{8BC9CEB8-8B4A-11D0-8D11-00A0C91BC942}") = "sundials_kinsol_static", "..\Solvers\KINSOL\kinsol_src\builddir\src\kinsol\sundials_kinsol_static.vcxproj", "{11D6E465-07D0-3167-A85B-29E6506E93BE}"
EndProject
Project("{8BC9CEB8-8B4A-11D0-8D11-00A0C91BC942}") = "sundials_nvecserial_static", "..\Solvers\KINSOL\kinsol_src\builddir\src\nvec_ser\sundials_nvecserial_static.vcxproj", "{44861D0C-A66B-33E8-9166-684A6ADE4A9C}"
EndProject
Project("{8BC9CEB8-8B4A-11D0-8D11-00A0C91BC942}") = "ZERO_CHECK", "..\Solvers\KINSOL\kinsol_src\builddir\ZERO_CHECK.vcxproj", "{D602B3CB-1F3F-3E37-B8DA-1513FDF7596F}"
EndProject
Project("{8BC9CEB8-8B4A-11D0-8D11-00A0C91BC942}") = "sundials_ida_static", "..\Solvers\IDA\IDA_src\builddir\src\ida\sundials_ida_static.vcxproj", "{B0BE9362-28CC-31D3-A6D7-FC24E9228B6C}"
EndProject
Project("{8BC9CEB8-8B4A-11D0-8D11-00A0C91BC942}") = "ZERO_CHECK", "..\Solvers\IDA\IDA_src\builddir\ZERO_CHECK.vcxproj", "{2EDFF497-3744-380D-AAAA-81173BC233E9}"
EndProject
Project("{8BC9CEB8-8B4A-11D0-8D11-00A0C91BC942}") = "LOCISDemo", "LOCISDemo\LOCISDemo.vcxproj", "{10D4FF5B-7CD4-471C-AEDD-F9FEFD53DFF2}"
EndProject
Global
	GlobalSection(SolutionConfigurationPlatforms) = preSolution
		Debug|Win32 = Debug|Win32
		Debug|x64 = Debug|x64
		Debug|x86 = Debug|x86
		MinSizeRel|Win32 = MinSizeRel|Win32
		MinSizeRel|x64 = MinSizeRel|x64
		MinSizeRel|x86 = MinSizeRel|x86
		Release|Win32 = Release|Win32
		Release|x64 = Release|x64
		Release|x86 = Release|x86
		RelWithDebInfo|Win32 = RelWithDebInfo|Win32
		RelWithDebInfo|x64 = RelWithDebInfo|x64
		RelWithDebInfo|x86 = RelWithDebInfo|x86
	EndGlobalSection
	GlobalSection(ProjectConfigurationPlatforms) = postSolution
		{23A1A5E8-D74A-4E3E-B950-C072A7F25FAD}.Debug|Win32.ActiveCfg = Debug|Win32
		{23A1A5E8-D74A-4E3E-B950-C072A7F25FAD}.Debug|Win32.Build.0 = Debug|Win32
		{23A1A5E8-D74A-4E3E-B950-C072A7F25FAD}.Debug|x64.ActiveCfg = Debug|x64
		{23A1A5E8-D74A-4E3E-B950-C072A7F25FAD}.Debug|x64.Build.0 = Debug|x64
		{23A1A5E8-D74A-4E3E-B950-C072A7F25FAD}.Debug|x86.ActiveCfg = Debug|Win32
		{23A1A5E8-D74A-4E3E-B950-C072A7F25FAD}.Debug|x86.Build.0 = Debug|Win32
		{23A1A5E8-D74A-4E3E-B950-C072A7F25FAD}.MinSizeRel|Win32.ActiveCfg = Release|Win32
		{23A1A5E8-D74A-4E3E-B950-C072A7F25FAD}.MinSizeRel|Win32.Build.0 = Release|Win32
		{23A1A5E8-D74A-4E3E-B950-C072A7F25FAD}.MinSizeRel|x64.ActiveCfg = Release|x64
		{23A1A5E8-D74A-4E3E-B950-C072A7F25FAD}.MinSizeRel|x64.Build.0 = Release|x64
		{23A1A5E8-D74A-4E3E-B950-C072A7F25FAD}.MinSizeRel|x86.ActiveCfg = Release|Win32
		{23A1A5E8-D74A-4E3E-B950-C072A7F25FAD}.MinSizeRel|x86.Build.0 = Release|Win32
		{23A1A5E8-D74A-4E3E-B950-C072A7F25FAD}.Release|Win32.ActiveCfg = Release|Win32
		{23A1A5E8-D74A-4E3E-B950-C072A7F25FAD}.Release|Win32.Build.0 = Release|Win32
		{23A1A5E8-D74A-4E3E-B950-C072A7F25FAD}.Release|x64.ActiveCfg = Release|x64
		{23A1A5E8-D74A-4E3E-B950-C072A7F25FAD}.Release|x64.Build.0 = Release|x64
		{23A1A5E8-D74A-4E3E-B950-C072A7F25FAD}.Release|x86.ActiveCfg = Release|Win32
		{23A1A5E8-D74A-4E3E-B950-C072A7F25FAD}.Release|x86.Build.0 = Release|Win32
		{23A1A5E8-D74A-4E3E-B950-C072A7F25FAD}.RelWithDebInfo|Win32.ActiveCfg = Release|Win32
		{23A1A5E8-D74A-4E3E-B950-C072A7F25FAD}.RelWithDebInfo|Win32.Build.0 = Release|Win32
		{23A1A5E8-D74A-4E3E-B950-C072A7F25FAD}.RelWithDebInfo|x64.ActiveCfg = Release|x64
		{23A1A5E8-D74A-4E3E-B950-C072A7F25FAD}.RelWithDebInfo|x64.Build.0 = Release|x64
		{23A1A5E8-D74A-4E3E-B950-C072A7F25FAD}.RelWithDebInfo|x86.ActiveCfg = Release|Win32
		{23A1A5E8-D74A-4E3E-B950-C072A7F25FAD}.RelWithDebInfo|x86.Build.0 = Release|Win32
		{11D6E465-07D0-3167-A85B-29E6506E93BE}.Debug|Win32.ActiveCfg = Debug|Win32
		{11D6E465-07D0-3167-A85B-29E6506E93BE}.Debug|Win32.Build.0 = Debug|Win32
		{11D6E465-07D0-3167-A85B-29E6506E93BE}.Debug|x64.ActiveCfg = Debug|Win32
		{11D6E465-07D0-3167-A85B-29E6506E93BE}.Debug|x86.ActiveCfg = Debug|Win32
		{11D6E465-07D0-3167-A85B-29E6506E93BE}.Debug|x86.Build.0 = Debug|Win32
		{11D6E465-07D0-3167-A85B-29E6506E93BE}.MinSizeRel|Win32.ActiveCfg = MinSizeRel|Win32
		{11D6E465-07D0-3167-A85B-29E6506E93BE}.MinSizeRel|Win32.Build.0 = MinSizeRel|Win32
		{11D6E465-07D0-3167-A85B-29E6506E93BE}.MinSizeRel|x64.ActiveCfg = MinSizeRel|Win32
		{11D6E465-07D0-3167-A85B-29E6506E93BE}.MinSizeRel|x86.ActiveCfg = MinSizeRel|Win32
		{11D6E465-07D0-3167-A85B-29E6506E93BE}.MinSizeRel|x86.Build.0 = MinSizeRel|Win32
		{11D6E465-07D0-3167-A85B-29E6506E93BE}.Release|Win32.ActiveCfg = Release|Win32
		{11D6E465-07D0-3167-A85B-29E6506E93BE}.Release|Win32.Build.0 = Release|Win32
		{11D6E465-07D0-3167-A85B-29E6506E93BE}.Release|x64.ActiveCfg = Release|Win32
		{11D6E465-07D0-3167-A85B-29E6506E93BE}.Release|x86.ActiveCfg = Release|Win32
		{11D6E465-07D0-3167-A85B-29E6506E93BE}.Release|x86.Build.0 = Release|Win32
		{11D6E465-07D0-3167-A85B-29E6506E93BE}.RelWithDebInfo|Win32.ActiveCfg = RelWithDebInfo|Win32
		{11D6E465-07D0-3167-A85B-29E6506E93BE}.RelWithDebInfo|Win32.Build.0 = RelWithDebInfo|Win32
		{11D6E465-07D0-3167-A85B-29E6506E93BE}.RelWithDebInfo|x64.ActiveCfg = RelWithDebInfo|Win32
		{11D6E465-07D0-3167-A85B-29E6506E93BE}.RelWithDebInfo|x86.ActiveCfg = RelWithDebInfo|Win32
		{11D6E465-07D0-3167-A85B-29E6506E93BE}.RelWithDebInfo|x86.Build.0 = RelWithDebInfo|Win32
		{44861D0C-A66B-33E8-9166-684A6ADE4A9C}.Debug|Win32.ActiveCfg = Debug|Win32
		{44861D0C-A66B-33E8-9166-684A6ADE4A9C}.Debug|Win32.Build.0 = Debug|Win32
		{44861D0C-A66B-33E8-9166-684A6ADE4A9C}.Debug|x64.ActiveCfg = Debug|Win32
		{44861D0C-A66B-33E8-9166-684A6ADE4A9C}.Debug|x86.ActiveCfg = Debug|Win32
		{44861D0C-A66B-33E8-9166-684A6ADE4A9C}.Debug|x86.Build.0 = Debug|Win32
		{44861D0C-A66B-33E8-9166-684A6ADE4A9C}.MinSizeRel|Win32.ActiveCfg = MinSizeRel|Win32
		{44861D0C-A66B-33E8-9166-684A6ADE4A9C}.MinSizeRel|Win32.Build.0 = MinSizeRel|Win32
		{44861D0C-A66B-33E8-9166-684A6ADE4A9C}.MinSizeRel|x64.ActiveCfg = MinSizeRel|Win32
		{44861D0C-A66B-33E8-9166-684A6ADE4A9C}.MinSizeRel|x86.ActiveCfg = MinSizeRel|Win32
		{44861D0C-A66B-33E8-9166-684A6ADE4A9C}.MinSizeRel|x86.Build.0 = MinSizeRel|Win32
		{44861D0C-A66B-33E8-9166-684A6ADE4A9C}.Release|Win32.ActiveCfg = Release|Win32
		{44861D0C-A66B-33E8-9166-684A6ADE4A9C}.Release|Win32.Build.0 = Release|Win32
		{44861D0C-A66B-33E8-9166-684A6ADE4A9C}.Release|x64.ActiveCfg = Release|Win32
		{44861D0C-A66B-33E8-9166-684A6ADE4A9C}.Release|x86.ActiveCfg = Release|Win32
		{44861D0C-A66B-33E8-9166-684A6ADE4A9C}.Release|x86.Build.0 = Release|Win32
		{44861D0C-A66B-33E8-9166-684A6ADE4A9C}.RelWithDebInfo|Win32.ActiveCfg = RelWithDebInfo|Win32
		{44861D0C-A66B-33E8-9166-684A6ADE4A9C}.RelWithDebInfo|Win32.Build.0 = RelWithDebInfo|Win32
		{44861D0C-A66B-33E8-9166-684A6ADE4A9C}.RelWithDebInfo|x64.ActiveCfg = RelWithDebInfo|Win32
		{44861D0C-A66B-33E8-9166-684A6ADE4A9C}.RelWithDebInfo|x86.ActiveCfg = RelWithDebInfo|Win32
		{44861D0C-A66B-33E8-9166-684A6ADE4A9C}.RelWithDebInfo|x86.Build.0 = RelWithDebInfo|Win32
		{D602B3CB-1F3F-3E37-B8DA-1513FDF7596F}.Debug|Win32.ActiveCfg = Debug|Win32
		{D602B3CB-1F3F-3E37-B8DA-1513FDF7596F}.Debug|Win32.Build.0 = Debug|Win32
		{D602B3CB-1F3F-3E37-B8DA-1513FDF7596F}.Debug|x64.ActiveCfg = Debug|Win32
		{D602B3CB-1F3F-3E37-B8DA-1513FDF7596F}.Debug|x86.ActiveCfg = Debug|Win32
		{D602B3CB-1F3F-3E37-B8DA-1513FDF7596F}.Debug|x86.Build.0 = Debug|Win32
		{D602B3CB-1F3F-3E37-B8DA-1513FDF7596F}.MinSizeRel|Win32.ActiveCfg = MinSizeRel|Win32
		{D602B3CB-1F3F-3E37-B8DA-1513FDF7596F}.MinSizeRel|Win32.Build.0 = MinSizeRel|Win32
		{D602B3CB-1F3F-3E37-B8DA-1513FDF7596F}.MinSizeRel|x64.ActiveCfg = MinSizeRel|Win32
		{D602B3CB-1F3F-3E37-B8DA-1513FDF7596F}.MinSizeRel|x86.ActiveCfg = MinSizeRel|Win32
		{D602B3CB-1F3F-3E37-B8DA-1513FDF7596F}.MinSizeRel|x86.Build.0 = MinSizeRel|Win32
		{D602B3CB-1F3F-3E37-B8DA-1513FDF7596F}.Release|Win32.ActiveCfg = Release|Win32
		{D602B3CB-1F3F-3E37-B8DA-1513FDF7596F}.Release|Win32.Build.0 = Release|Win32
		{D602B3CB-1F3F-3E37-B8DA-1513FDF7596F}.Release|x64.ActiveCfg = Release|Win32
		{D602B3CB-1F3F-3E37-B8DA-1513FDF7596F}.Release|x86.ActiveCfg = Release|Win32
		{D602B3CB-1F3F-3E37-B8DA-1513FDF7596F}.Release|x86.Build.0 = Release|Win32
		{D602B3CB-1F3F-3E37-B8DA-1513FDF7596F}.RelWithDebInfo|Win32.ActiveCfg = RelWithDebInfo|Win32
		{D602B3CB-1F3F-3E37-B8DA-1513FDF7596F}.RelWithDebInfo|Win32.Build.0 = RelWithDebInfo|Win32
		{D602B3CB-1F3F-3E37-B8DA-1513FDF7596F}.RelWithDebInfo|x64.ActiveCfg = RelWithDebInfo|Win32
		{D602B3CB-1F3F-3E37-B8DA-1513FDF7596F}.RelWithDebInfo|x86.ActiveCfg = RelWithDebInfo|Win32
		{D602B3CB-1F3F-3E37-B8DA-1513FDF7596F}.RelWithDebInfo|x86.Build.0 = RelWithDebInfo|Win32
		{B0BE9362-28CC-31D3-A6D7-FC24E9228B6C}.Debug|Win32.ActiveCfg = Debug|Win32
		{B0BE9362-28CC-31D3-A6D7-FC24E9228B6C}.Debug|Win32.Build.0 = Debug|Win32
		{B0BE9362-28CC-31D3-A6D7-FC24E9228B6C}.Debug|x64.ActiveCfg = Debug|Win32
		{B0BE9362-28CC-31D3-A6D7-FC24E9228B6C}.Debug|x86.ActiveCfg = Debug|Win32
		{B0BE9362-28CC-31D3-A6D7-FC24E9228B6C}.Debug|x86.Build.0 = Debug|Win32
		{B0BE9362-28CC-31D3-A6D7-FC24E9228B6C}.MinSizeRel|Win32.ActiveCfg = MinSizeRel|Win32
		{B0BE9362-28CC-31D3-A6D7-FC24E9228B6C}.MinSizeRel|Win32.Build.0 = MinSizeRel|Win32
		{B0BE9362-28CC-31D3-A6D7-FC24E9228B6C}.MinSizeRel|x64.ActiveCfg = MinSizeRel|Win32
		{B0BE9362-28CC-31D3-A6D7-FC24E9228B6C}.MinSizeRel|x86.ActiveCfg = MinSizeRel|Win32
		{B0BE9362-28CC-31D3-A6D7-FC24E9228B6C}.MinSizeRel|x86.Build.0 = MinSizeRel|Win32
		{B0BE9362-28CC-31D3-A6D7-FC24E9228B6C}.Release|Win32.ActiveCfg = Release|Win32
		{B0BE9362-28CC-31D3-A6D7-FC24E9228B6C}.Release|Win32.Build.0 = Release|Win32
		{B0BE9362-28CC-31D3-A6D7-FC24E9228B6C}.Release|x64.ActiveCfg = Release|Win32
		{B0BE9362-28CC-31D3-A6D7-FC24E9228B6C}.Release|x86.ActiveCfg = Release|Win32
		{B0BE9362-28CC-31D3-A6D7-FC24E9228B6C}.Release|x86.Build.0 = Release|Win32
		{B0BE9362-28CC-31D3-A6D7-FC24E9228B6C}.RelWithDebInfo|Win32.ActiveCfg = RelWithDebInfo|Win32
		{B0BE9362-28CC-31D3-A6D7-FC24E9228B6C}.RelWithDebInfo|Win32.Build.0 = RelWithDebInfo|Win32
		{B0BE9362-28CC-31D3-A6D7-FC24E9228B6C}.RelWithDebInfo|x64.ActiveCfg = RelWithDebInfo|Win32
		{B0BE9362-28CC-31D3-A6D7-FC24E9228B6C}.RelWithDebInfo|x86.ActiveCfg = RelWithDebInfo|Win32
		{B0BE9362-28CC-31D3-A6D7-FC24E9228B6C}.RelWithDebInfo|x86.Build.0 = RelWithDebInfo|Win32
		{2EDFF497-3744-380D-AAAA-81173BC233E9}.Debug|Win32.ActiveCfg = Debug|Win32
		{2EDFF497-3744-380D-AAAA-81173BC233E9}.Debug|Win32.Build.0 = Debug|Win32
		{2EDFF497-3744-380D-AAAA-81173BC233E9}.Debug|x64.ActiveCfg = Debug|Win32
		{2EDFF497-3744-380D-AAAA-81173BC233E9}.Debug|x86.ActiveCfg = Debug|Win32
		{2EDFF497-3744-380D-AAAA-81173BC233E9}.Debug|x86.Build.0 = Debug|Win32
		{2EDFF497-3744-380D-AAAA-81173BC233E9}.MinSizeRel|Win32.ActiveCfg = MinSizeRel|Win32
		{2EDFF497-3744-380D-AAAA-81173BC233E9}.MinSizeRel|Win32.Build.0 = MinSizeRel|Win32
		{2EDFF497-3744-380D-AAAA-81173BC233E9}.MinSizeRel|x64.ActiveCfg = MinSizeRel|Win32
		{2EDFF497-3744-380D-AAAA-81173BC233E9}.MinSizeRel|x86.ActiveCfg = MinSizeRel|Win32
		{2EDFF497-3744-380D-AAAA-81173BC233E9}.MinSizeRel|x86.Build.0 = MinSizeRel|Win32
		{2EDFF497-3744-380D-AAAA-81173BC233E9}.Release|Win32.ActiveCfg = Release|Win32
		{2EDFF497-3744-380D-AAAA-81173BC233E9}.Release|Win32.Build.0 = Release|Win32
		{2EDFF497-3744-380D-AAAA-81173BC233E9}.Release|x64.ActiveCfg = Release|Win32
		{2EDFF497-3744-380D-AAAA-81173BC233E9}.Release|x86.ActiveCfg = Release|Win32
		{2EDFF497-3744-380D-AAAA-81173BC233E9}.Release|x86.Build.0 = Release|Win32
		{2EDFF497-3744-380D-AAAA-81173BC233E9}.RelWithDebInfo|Win32.ActiveCfg = RelWithDebInfo|Win32
		{2EDFF497-3744-380D-AAAA-81173BC233E9}.RelWithDebInfo|Win32.Build.0 = RelWithDebInfo|Win32
		{2EDFF497-3744-380D-AAAA-81173BC233E9}.RelWithDebInfo|x64.ActiveCfg = RelWithDebInfo|Win32
		{2EDFF497-3744-380D-AAAA-81173BC233E9}.RelWithDebInfo|x86.ActiveCfg = RelWithDebInfo|Win32
		{2EDFF497-3744-380D-AAAA-81173BC233E9}.RelWithDebInfo|x86.Build.0 = RelWithDebInfo|Win32
		{10D4FF5B-7CD4-471C-AEDD-F9FEFD53DFF2}.Debug|Win32.ActiveCfg = Debug|Win32
		{10D4FF5B-7CD4-471C-AEDD-F9FEFD53DFF2}.Debug|Win32.Build.0 = Debug|Win32
		{10D4FF5B-7CD4-471C-AEDD-F9FEFD53DFF2}.Debug|x64.ActiveCfg = Debug|x64
		{10D4FF5B-7CD4-471C-AEDD-F9FEFD53DFF2}.Debug|x64.Build.0 = Debug|x64
		{10D4FF5B-7CD4-471C-AEDD-F9FEFD53DFF2}.Debug|x86.ActiveCfg = Debug|Win32
		{10D4FF5B-7CD4-471C-AEDD-F9FEFD53DFF2}.Debug|x86.Build.0 = Debug|Win32
		{10D4FF5B-7CD4-471C-AEDD-F9FEFD53DFF2}.MinSizeRel|Win32.ActiveCfg = Release|Win32
		{10D4FF5B-7CD4-471C-AEDD-F9FEFD53DFF2}.MinSizeRel|Win32.Build.0 = Release|Win32
		{10D4FF5B-7CD4-471C-AEDD-F9FEFD53DFF2}.MinSizeRel|x64.ActiveCfg = Release|x64
		{10D4FF5B-7CD4-471C-AEDD-F9FEFD53DFF2}.MinSizeRel|x64.Build.0 = Release|x64
		{10D4FF5B-7CD4-471C-AEDD-F9FEFD53DFF2}.MinSizeRel|x86.ActiveCfg = Release|Win32
		{10D4FF5B-7CD4-471C-AEDD-F9FEFD53DFF2}.MinSizeRel|x86.Build.0 = Release|Win32
		{10D4FF5B-7CD4-471C-AEDD-F9FEFD53DFF2}.Release|Win32.ActiveCfg = Release|Win32
		{10D4FF5B-7CD4-471C-AEDD-F9FEFD53DFF2}.Release|Win32.Build.0 = Release|Win32
		{10D4FF5B-7CD4-471C-AEDD-F9FEFD53DFF2}.Release|x64.ActiveCfg = Release|x64
		{10D4FF5B-7CD4-471C-AEDD-F9FEFD53DFF2}.Release|x64.Build.0 = Release|x64
		{10D4FF5B-7CD4-471C-AEDD-F9FEFD53DFF2}.Release|x86.ActiveCfg = Release|Win32
		{10D4FF5B-7CD4-471C-AEDD-F9FEFD53DFF2}.Release|x86.Build.0 = Release|Win32
		{10D4FF5B-7CD4-471C-AEDD-F9FEFD53DFF2}.RelWithDebInfo|Win32.ActiveCfg = Release|Win32
		{10D4FF5B-7CD4-471C-AEDD-F9FEFD53DFF2}.RelWithDebInfo|Win32.Build.0 = Release|Win32
		{10D4FF5B-7CD4-471C-AEDD-F9FEFD53DFF2}.RelWithDebInfo|x64.ActiveCfg = Release|x64
		{10D4FF5B-7CD4-471C-AEDD-F9FEFD53DFF2}.RelWithDebInfo|x64.Build.0 = Release|x64
		{10D4FF5B-7CD4-471C-AEDD-F9FEFD53DFF2}.RelWithDebInfo|x86.ActiveCfg = Release|Win32
		{10D4FF5B-7CD4-471C-AEDD-F9FEFD53DFF2}.RelWithDebInfo|x86.Build.0 = Release|Win32
	EndGlobalSection
	GlobalSection(SolutionProperties) = preSolution
		HideSolutionNode = FALSE
	EndGlobalSection
	GlobalSection(NestedProjects) = preSolution
		{11D6E465-07D0-3167-A85B-29E6506E93BE} = {B3F3ADC0-D9A6-4C24-89FC-5CBA7D114DCA}
		{44861D0C-A66B-33E8-9166-684A6ADE4A9C} = {B3F3ADC0-D9A6-4C24-89FC-5CBA7D114DCA}
		{D602B3CB-1F3F-3E37-B8DA-1513FDF7596F} = {B3F3ADC0-D9A6-4C24-89FC-5CBA7D114DCA}
		{B0BE9362-28CC-31D3-A6D7-FC24E9228B6C} = {E054EC68-E99D-486C-9297-D43A9D536763}
		{2EDFF497-3744-380D-AAAA-81173BC233E9} = {E054EC68-E99D-486C-9297-D43A9D536763}
	EndGlobalSection
EndGlobal
