<?xml version="1.0" encoding="utf-8"?>
<Project ToolsVersion="4.0" xmlns="http://schemas.microsoft.com/developer/msbuild/2003">
  <ItemGroup>
    <Filter Include="Source Files">
      <UniqueIdentifier>{4FC737F1-C7A5-4376-A066-2A32D752A2FF}</UniqueIdentifier>
      <Extensions>cpp;c;cc;cxx;def;odl;idl;hpj;bat;asm;asmx</Extensions>
    </Filter>
    <Filter Include="Header Files">
      <UniqueIdentifier>{93995380-89BD-4b04-88EB-625FBE52EBFB}</UniqueIdentifier>
      <Extensions>h;hpp;hxx;hm;inl;inc;xsd</Extensions>
    </Filter>
    <Filter Include="Resource Files">
      <UniqueIdentifier>{67DA6AB6-F800-4c08-8B7A-83BB121AAD01}</UniqueIdentifier>
      <Extensions>rc;ico;cur;bmp;dlg;rc2;rct;bin;rgs;gif;jpg;jpeg;jpe;resx;tiff;tif;png;wav;mfcribbon-ms</Extensions>
    </Filter>
    <Filter Include="Source Files\ErrorClass">
      <UniqueIdentifier>{0d6d5bb2-9ef2-4a98-9c71-3564b0b70d70}</UniqueIdentifier>
    </Filter>
    <Filter Include="Source Files\KinsolClass">
      <UniqueIdentifier>{66b93dc1-110b-4f18-9a13-c6e9232c68e7}</UniqueIdentifier>
    </Filter>
    <Filter Include="Source Files\DLL_FUNCTIONS">
      <UniqueIdentifier>{776fd9db-fd8d-4026-9ed7-fd0b9a4862fe}</UniqueIdentifier>
    </Filter>
    <Filter Include="Source Files\KinsolClass\Solve">
      <UniqueIdentifier>{6ebb010a-b361-4a82-8c36-5ca76b75e804}</UniqueIdentifier>
    </Filter>
    <Filter Include="Source Files\KinsolClass\ProblemSetup">
      <UniqueIdentifier>{ba36d423-e7fe-4e05-ab5d-ffc51ed866b2}</UniqueIdentifier>
    </Filter>
    <Filter Include="Source Files\KinsolClass\Free">
      <UniqueIdentifier>{c075582f-74da-4f45-b95f-c13d25626c47}</UniqueIdentifier>
    </Filter>
    <Filter Include="Source Files\KinsolClass\Errors">
      <UniqueIdentifier>{a07e3a53-91b0-4cdd-a233-920963a9efa3}</UniqueIdentifier>
    </Filter>
    <Filter Include="Source Files\KinsolClass\Options">
      <UniqueIdentifier>{dac4f853-6174-409f-a5f6-0972e8809f79}</UniqueIdentifier>
    </Filter>
    <Filter Include="Header Files\Helpers">
      <UniqueIdentifier>{a2506e79-d2da-4a0d-be86-6140621bc4a2}</UniqueIdentifier>
    </Filter>
  </ItemGroup>
  <ItemGroup>
    <None Include="ReadMe.txt" />
  </ItemGroup>
  <ItemGroup>
    <ClInclude Include="stdafx.h">
      <Filter>Header Files</Filter>
    </ClInclude>
    <ClInclude Include="targetver.h">
      <Filter>Header Files</Filter>
    </ClInclude>
    <ClInclude Include="Kinsol_Class.h">
      <Filter>Header Files</Filter>
    </ClInclude>
    <ClInclude Include="Kinsol_Options.h">
      <Filter>Header Files</Filter>
    </ClInclude>
    <ClInclude Include="kinsol_dll.h">
      <Filter>Header Files</Filter>
    </ClInclude>
    <ClInclude Include="Jac.h">
      <Filter>Header Files</Filter>
    </ClInclude>
    <ClInclude Include="func.h">
      <Filter>Header Files</Filter>
    </ClInclude>
    <ClInclude Include="info.h">
      <Filter>Header Files</Filter>
    </ClInclude>
    <ClInclude Include="error.h">
      <Filter>Header Files</Filter>
    </ClInclude>
    <ClInclude Include="kinsol_helpers.h">
      <Filter>Header Files\Helpers</Filter>
    </ClInclude>
    <ClInclude Include="InforError.h">
      <Filter>Header Files\Helpers</Filter>
    </ClInclude>
    <ClInclude Include="Kinsol_Error.h">
      <Filter>Header Files\Helpers</Filter>
    </ClInclude>
    <ClInclude Include="funcpointers.h">
      <Filter>Header Files\Helpers</Filter>
    </ClInclude>
    <ClInclude Include="dll_funcpointers.h">
      <Filter>Header Files\Helpers</Filter>
    </ClInclude>
  </ItemGroup>
  <ItemGroup>
    <ClCompile Include="stdafx.cpp">
      <Filter>Source Files</Filter>
    </ClCompile>
    <ClCompile Include="AddErrorLine.cpp">
      <Filter>Source Files\ErrorClass</Filter>
    </ClCompile>
    <ClCompile Include="AddErrortovector.cpp">
      <Filter>Source Files\ErrorClass</Filter>
    </ClCompile>
    <ClCompile Include="SetErr.cpp">
      <Filter>Source Files\ErrorClass</Filter>
    </ClCompile>
    <ClCompile Include="kinsoldll_main.cpp">
      <Filter>Source Files</Filter>
    </ClCompile>
    <ClCompile Include="SetInitialGuess.cpp">
      <Filter>Source Files\KinsolClass\Solve</Filter>
    </ClCompile>
    <ClCompile Include="Initialize.cpp">
      <Filter>Source Files\KinsolClass\Solve</Filter>
    </ClCompile>
    <ClCompile Include="PrintFinalStats.cpp">
      <Filter>Source Files\KinsolClass\Solve</Filter>
    </ClCompile>
    <ClCompile Include="SetProblemData.cpp">
      <Filter>Source Files\KinsolClass\ProblemSetup</Filter>
    </ClCompile>
    <ClCompile Include="ProblemSetup.cpp">
      <Filter>Source Files\KinsolClass\ProblemSetup</Filter>
    </ClCompile>
    <ClCompile Include="CheckFlag.cpp">
      <Filter>Source Files\KinsolClass\Errors</Filter>
    </ClCompile>
    <ClCompile Include="KinsolOptions.cpp">
      <Filter>Source Files\KinsolClass\Options</Filter>
    </ClCompile>
    <ClCompile Include="SetOptions.cpp">
      <Filter>Source Files\KinsolClass\Options</Filter>
    </ClCompile>
    <ClCompile Include="SolveIt.cpp">
      <Filter>Source Files\KinsolClass\Solve</Filter>
    </ClCompile>
    <ClCompile Include="GlobalVars.cpp">
      <Filter>Source Files\DLL_FUNCTIONS</Filter>
    </ClCompile>
    <ClCompile Include="DLL_Init.cpp">
      <Filter>Source Files\DLL_FUNCTIONS</Filter>
    </ClCompile>
    <ClCompile Include="DLL_Setdata.cpp">
      <Filter>Source Files\DLL_FUNCTIONS</Filter>
    </ClCompile>
    <ClCompile Include="DLL_Setoptions.cpp">
      <Filter>Source Files\DLL_FUNCTIONS</Filter>
    </ClCompile>
    <ClCompile Include="DLL_solve.cpp">
      <Filter>Source Files\DLL_FUNCTIONS</Filter>
    </ClCompile>
    <ClCompile Include="DLL_Free.cpp">
      <Filter>Source Files\DLL_FUNCTIONS</Filter>
    </ClCompile>
    <ClCompile Include="DLL_func.cpp">
      <Filter>Source Files\DLL_FUNCTIONS</Filter>
    </ClCompile>
    <ClCompile Include="DLL_jac.cpp">
      <Filter>Source Files\DLL_FUNCTIONS</Filter>
    </ClCompile>
    <ClCompile Include="DLL_info.cpp">
      <Filter>Source Files\DLL_FUNCTIONS</Filter>
    </ClCompile>
    <ClCompile Include="DLL_Boss.cpp">
      <Filter>Source Files\DLL_FUNCTIONS</Filter>
    </ClCompile>
    <ClCompile Include="DLL_map.cpp">
      <Filter>Source Files\DLL_FUNCTIONS</Filter>
    </ClCompile>
    <ClCompile Include="DLL_error.cpp">
      <Filter>Source Files\DLL_FUNCTIONS</Filter>
    </ClCompile>
    <ClCompile Include="GetLastError.cpp">
      <Filter>Source Files\ErrorClass</Filter>
    </ClCompile>
    <ClCompile Include="solver_kinsol.cpp">
      <Filter>Source Files\KinsolClass\Free</Filter>
    </ClCompile>
    <ClCompile Include="error_kinsol.cpp">
      <Filter>Source Files\ErrorClass</Filter>
    </ClCompile>
    <ClCompile Include="allocateJtrial.cpp">
      <Filter>Source Files\KinsolClass\ProblemSetup</Filter>
    </ClCompile>
    <ClCompile Include="CheckUserInput.cpp">
      <Filter>Source Files\KinsolClass\ProblemSetup</Filter>
    </ClCompile>
  </ItemGroup>
</Project>